{
  "name": "TP-Objetos",
  "version": "1.0.0",
  "lockfileVersion": 1,
  "requires": true,
  "dependencies": {
    "@types/node": {
      "version": "14.0.26",
      "resolved": "https://registry.npmjs.org/@types/node/-/node-14.0.26.tgz",
      "integrity": "sha512-W+fpe5s91FBGE0pEa0lnqGLL4USgpLgs4nokw16SrBBco/gQxuua7KnArSEOd5iaMqbbSHV10vUDkJYJJqpXKA=="
    },
    "fort": {
      "version": "0.1.0",
      "resolved": "https://registry.npmjs.org/fort/-/fort-0.1.0.tgz",
      "integrity": "sha1-R0av6UuaczmEC4NCojkWqipFMM0="
    },
    "readline-sync": {
      "version": "1.4.10",
      "resolved": "https://registry.npmjs.org/readline-sync/-/readline-sync-1.4.10.tgz",
      "integrity": "sha512-gNva8/6UAe8QYepIQH/jQ2qn91Qj0B9sYjMBBs3QOB8F2CXcKgLxQaJRP76sWVRQt+QU+8fAkCbCvjjMFu7Ycw=="
    },
    "undirender": {
      "version": "0.1.0",
      "resolved": "https://registry.npmjs.org/undirender/-/undirender-0.1.0.tgz",
      "integrity": "sha1-GJ2BwGluSO57tYgCg1a83Ogy5zY=",
      "requires": {
        "fort": "~0.1.0"
      }
    }
  }
}
